
Microsoft Visual Studio Solution File, Format Version 12.00
# Visual Studio Version 16
VisualStudioVersion = 16.0.31229.75
MinimumVisualStudioVersion = 10.0.40219.1
Project("{8BC9CEB8-8B4A-11D0-8D11-00A0C91BC942}") = "MinSquare", "MinSquare\MinSquare.vcxproj", "{97675738-3A0B-4727-99C0-33E5FAACF597}"
EndProject
Global
	GlobalSection(SolutionConfigurationPlatforms) = preSolution
		Debug|x64 = Debug|x64
		Debug|x86 = Debug|x86
		Release|x64 = Release|x64
		Release|x86 = Release|x86
	EndGlobalSection
	GlobalSection(ProjectConfigurationPlatforms) = postSolution
		{97675738-3A0B-4727-99C0-33E5FAACF597}.Debug|x64.ActiveCfg = Debug|x64
		{97675738-3A0B-4727-99C0-33E5FAACF597}.Debug|x64.Build.0 = Debug|x64
		{97675738-3A0B-4727-99C0-33E5FAACF597}.Debug|x86.ActiveCfg = Debug|Win32
		{97675738-3A0B-4727-99C0-33E5FAACF597}.Debug|x86.Build.0 = Debug|Win32
		{97675738-3A0B-4727-99C0-33E5FAACF597}.Release|x64.ActiveCfg = Release|x64
		{97675738-3A0B-4727-99C0-33E5FAACF597}.Release|x64.Build.0 = Release|x64
		{97675738-3A0B-4727-99C0-33E5FAACF597}.Release|x86.ActiveCfg = Release|Win32
		{97675738-3A0B-4727-99C0-33E5FAACF597}.Release|x86.Build.0 = Release|Win32
	EndGlobalSection
	GlobalSection(SolutionProperties) = preSolution
		HideSolutionNode = FALSE
	EndGlobalSection
	GlobalSection(ExtensibilityGlobals) = postSolution
		SolutionGuid = {7F4D2111-5AB1-43A7-9630-58B686C23B4D}
	EndGlobalSection
EndGlobal
